
Microsoft Visual Studio Solution File, Format Version 12.00
# Visual Studio Version 17
VisualStudioVersion = 17.3.32901.215
MinimumVisualStudioVersion = 10.0.40219.1
Project("{FAE04EC0-301F-11D3-BF4B-00C04F79EFBC}") = "C_Sharp_Tasks", "C_Sharp_Tasks\C_Sharp_Tasks.csproj", "{677B3736-CA7A-4CCB-8229-E49BA456FE6D}"
EndProject
Global
	GlobalSection(SolutionConfigurationPlatforms) = preSolution
		Debug|Any CPU = Debug|Any CPU
		Release|Any CPU = Release|Any CPU
	EndGlobalSection
	GlobalSection(ProjectConfigurationPlatforms) = postSolution
		{677B3736-CA7A-4CCB-8229-E49BA456FE6D}.Debug|Any CPU.ActiveCfg = Debug|Any CPU
		{677B3736-CA7A-4CCB-8229-E49BA456FE6D}.Debug|Any CPU.Build.0 = Debug|Any CPU
		{677B3736-CA7A-4CCB-8229-E49BA456FE6D}.Release|Any CPU.ActiveCfg = Release|Any CPU
		{677B3736-CA7A-4CCB-8229-E49BA456FE6D}.Release|Any CPU.Build.0 = Release|Any CPU
	EndGlobalSection
	GlobalSection(SolutionProperties) = preSolution
		HideSolutionNode = FALSE
	EndGlobalSection
	GlobalSection(ExtensibilityGlobals) = postSolution
		SolutionGuid = {6D754262-ACDD-413E-BBE5-A23D9BCA91EB}
	EndGlobalSection
EndGlobal
